
Microsoft Visual Studio Solution File, Format Version 12.00
# Visual Studio Version 16
VisualStudioVersion = 16.0.30517.126
MinimumVisualStudioVersion = 10.0.40219.1
Project("{FAE04EC0-301F-11D3-BF4B-00C04F79EFBC}") = "MorestringsExercise", "MorestringsExercise\MorestringsExercise.csproj", "{12BA01D2-BB19-43A8-9C2F-DC2D70CE25E5}"
EndProject
Project("{FAE04EC0-301F-11D3-BF4B-00C04F79EFBC}") = "WordCounter", "WordCounter\WordCounter.csproj", "{6520B806-116F-41C6-9904-06245E387323}"
EndProject
Project("{FAE04EC0-301F-11D3-BF4B-00C04F79EFBC}") = "SubstituteCharacters", "SubstituteCharacters\SubstituteCharacters.csproj", "{2FE13EC8-F960-4AA2-A17D-C9957992D3AF}"
EndProject
Project("{FAE04EC0-301F-11D3-BF4B-00C04F79EFBC}") = "ForEachLoop", "ForEachLoop\ForEachLoop.csproj", "{7B0387F6-717B-4F6D-8B9B-4A551CE36AA5}"
EndProject
Project("{FAE04EC0-301F-11D3-BF4B-00C04F79EFBC}") = "CharacterCounter", "CharacterCounter\CharacterCounter.csproj", "{ADE3E156-0FE2-4E6E-AAE4-15B11F77AD71}"
EndProject
Global
	GlobalSection(SolutionConfigurationPlatforms) = preSolution
		Debug|Any CPU = Debug|Any CPU
		Release|Any CPU = Release|Any CPU
	EndGlobalSection
	GlobalSection(ProjectConfigurationPlatforms) = postSolution
		{12BA01D2-BB19-43A8-9C2F-DC2D70CE25E5}.Debug|Any CPU.ActiveCfg = Debug|Any CPU
		{12BA01D2-BB19-43A8-9C2F-DC2D70CE25E5}.Debug|Any CPU.Build.0 = Debug|Any CPU
		{12BA01D2-BB19-43A8-9C2F-DC2D70CE25E5}.Release|Any CPU.ActiveCfg = Release|Any CPU
		{12BA01D2-BB19-43A8-9C2F-DC2D70CE25E5}.Release|Any CPU.Build.0 = Release|Any CPU
		{6520B806-116F-41C6-9904-06245E387323}.Debug|Any CPU.ActiveCfg = Debug|Any CPU
		{6520B806-116F-41C6-9904-06245E387323}.Debug|Any CPU.Build.0 = Debug|Any CPU
		{6520B806-116F-41C6-9904-06245E387323}.Release|Any CPU.ActiveCfg = Release|Any CPU
		{6520B806-116F-41C6-9904-06245E387323}.Release|Any CPU.Build.0 = Release|Any CPU
		{2FE13EC8-F960-4AA2-A17D-C9957992D3AF}.Debug|Any CPU.ActiveCfg = Debug|Any CPU
		{2FE13EC8-F960-4AA2-A17D-C9957992D3AF}.Debug|Any CPU.Build.0 = Debug|Any CPU
		{2FE13EC8-F960-4AA2-A17D-C9957992D3AF}.Release|Any CPU.ActiveCfg = Release|Any CPU
		{2FE13EC8-F960-4AA2-A17D-C9957992D3AF}.Release|Any CPU.Build.0 = Release|Any CPU
		{7B0387F6-717B-4F6D-8B9B-4A551CE36AA5}.Debug|Any CPU.ActiveCfg = Debug|Any CPU
		{7B0387F6-717B-4F6D-8B9B-4A551CE36AA5}.Debug|Any CPU.Build.0 = Debug|Any CPU
		{7B0387F6-717B-4F6D-8B9B-4A551CE36AA5}.Release|Any CPU.ActiveCfg = Release|Any CPU
		{7B0387F6-717B-4F6D-8B9B-4A551CE36AA5}.Release|Any CPU.Build.0 = Release|Any CPU
		{ADE3E156-0FE2-4E6E-AAE4-15B11F77AD71}.Debug|Any CPU.ActiveCfg = Debug|Any CPU
		{ADE3E156-0FE2-4E6E-AAE4-15B11F77AD71}.Debug|Any CPU.Build.0 = Debug|Any CPU
		{ADE3E156-0FE2-4E6E-AAE4-15B11F77AD71}.Release|Any CPU.ActiveCfg = Release|Any CPU
		{ADE3E156-0FE2-4E6E-AAE4-15B11F77AD71}.Release|Any CPU.Build.0 = Release|Any CPU
	EndGlobalSection
	GlobalSection(SolutionProperties) = preSolution
		HideSolutionNode = FALSE
	EndGlobalSection
	GlobalSection(ExtensibilityGlobals) = postSolution
		SolutionGuid = {AFC2D67B-20B0-4232-A49B-6CA87F3BB1A3}
	EndGlobalSection
EndGlobal
